
Microsoft Visual Studio Solution File, Format Version 12.00
# Visual Studio Version 17
VisualStudioVersion = 17.1.32414.318
MinimumVisualStudioVersion = 10.0.40219.1
Project("{8BC9CEB8-8B4A-11D0-8D11-00A0C91BC942}") = "Laba 3.2", "Laba 3.2\Laba 3.2.vcxproj", "{745D0362-F920-4B4B-B260-3D4B137A88D7}"
EndProject
Global
	GlobalSection(SolutionConfigurationPlatforms) = preSolution
		Debug|x64 = Debug|x64
		Debug|x86 = Debug|x86
		Release|x64 = Release|x64
		Release|x86 = Release|x86
	EndGlobalSection
	GlobalSection(ProjectConfigurationPlatforms) = postSolution
		{745D0362-F920-4B4B-B260-3D4B137A88D7}.Debug|x64.ActiveCfg = Debug|x64
		{745D0362-F920-4B4B-B260-3D4B137A88D7}.Debug|x64.Build.0 = Debug|x64
		{745D0362-F920-4B4B-B260-3D4B137A88D7}.Debug|x86.ActiveCfg = Debug|Win32
		{745D0362-F920-4B4B-B260-3D4B137A88D7}.Debug|x86.Build.0 = Debug|Win32
		{745D0362-F920-4B4B-B260-3D4B137A88D7}.Release|x64.ActiveCfg = Release|x64
		{745D0362-F920-4B4B-B260-3D4B137A88D7}.Release|x64.Build.0 = Release|x64
		{745D0362-F920-4B4B-B260-3D4B137A88D7}.Release|x86.ActiveCfg = Release|Win32
		{745D0362-F920-4B4B-B260-3D4B137A88D7}.Release|x86.Build.0 = Release|Win32
	EndGlobalSection
	GlobalSection(SolutionProperties) = preSolution
		HideSolutionNode = FALSE
	EndGlobalSection
	GlobalSection(ExtensibilityGlobals) = postSolution
		SolutionGuid = {FA7A1917-5044-4BC7-9176-8712995E9026}
	EndGlobalSection
EndGlobal
